<?xml version="1.0" encoding="utf-8"?>
<Project ToolsVersion="4.0" xmlns="http://schemas.microsoft.com/developer/msbuild/2003">
  <ItemGroup>
    <Filter Include="Source Files">
      <UniqueIdentifier>{4FC737F1-C7A5-4376-A066-2A32D752A2FF}</UniqueIdentifier>
      <Extensions>cpp;c;cc;cxx;def;odl;idl;hpj;bat;asm;asmx</Extensions>
    </Filter>
    <Filter Include="Header Files">
      <UniqueIdentifier>{93995380-89BD-4b04-88EB-625FBE52EBFB}</UniqueIdentifier>
      <Extensions>h;hpp;hxx;hm;inl;inc;xsd</Extensions>
    </Filter>
    <Filter Include="Resource Files">
      <UniqueIdentifier>{67DA6AB6-F800-4c08-8B7A-83BB121AAD01}</UniqueIdentifier>
      <Extensions>rc;ico;cur;bmp;dlg;rc2;rct;bin;rgs;gif;jpg;jpeg;jpe;resx;tiff;tif;png;wav;mfcribbon-ms</Extensions>
    </Filter>
  </ItemGroup>
  <ItemGroup>
    <None Include="E:\Lectures\Arafat\Zombie Apocalyps\Zombie Apocalyps\GLUT32.DLL">
      <Filter>Source Files</Filter>
    </None>
    <None Include="E:\Lectures\Arafat\Zombie Apocalyps\Zombie Apocalyps\High Score.txt">
      <Filter>Source Files</Filter>
    </None>
  </ItemGroup>
  <ItemGroup>
    <ClCompile Include="E:\Lectures\Arafat\Zombie Apocalyps\Zombie Apocalyps\iMain.cpp">
      <Filter>Source Files</Filter>
    </ClCompile>
  </ItemGroup>
  <ItemGroup>
    <ClInclude Include="E:\Lectures\Arafat\Zombie Apocalyps\Zombie Apocalyps\bitmap_loader.h">
      <Filter>Source Files</Filter>
    </ClInclude>
    <ClInclude Include="E:\Lectures\Arafat\Zombie Apocalyps\Zombie Apocalyps\bitmap_viewer.h">
      <Filter>Source Files</Filter>
    </ClInclude>
    <ClInclude Include="E:\Lectures\Arafat\Zombie Apocalyps\Zombie Apocalyps\bullet.h">
      <Filter>Source Files</Filter>
    </ClInclude>
    <ClInclude Include="E:\Lectures\Arafat\Zombie Apocalyps\Zombie Apocalyps\collision.h">
      <Filter>Source Files</Filter>
    </ClInclude>
    <ClInclude Include="E:\Lectures\Arafat\Zombie Apocalyps\Zombie Apocalyps\gameplay.h">
      <Filter>Source Files</Filter>
    </ClInclude>
    <ClInclude Include="E:\Lectures\Arafat\Zombie Apocalyps\Zombie Apocalyps\glaux.h">
      <Filter>Source Files</Filter>
    </ClInclude>
    <ClInclude Include="E:\Lectures\Arafat\Zombie Apocalyps\Zombie Apocalyps\GLUT.H">
      <Filter>Source Files</Filter>
    </ClInclude>
    <ClInclude Include="E:\Lectures\Arafat\Zombie Apocalyps\Zombie Apocalyps\helpscreen.h">
      <Filter>Source Files</Filter>
    </ClInclude>
    <ClInclude Include="E:\Lectures\Arafat\Zombie Apocalyps\Zombie Apocalyps\heromoving.h">
      <Filter>Source Files</Filter>
    </ClInclude>
    <ClInclude Include="E:\Lectures\Arafat\Zombie Apocalyps\Zombie Apocalyps\HighScore.h">
      <Filter>Source Files</Filter>
    </ClInclude>
    <ClInclude Include="E:\Lectures\Arafat\Zombie Apocalyps\Zombie Apocalyps\iGraphics.h">
      <Filter>Source Files</Filter>
    </ClInclude>
    <ClInclude Include="E:\Lectures\Arafat\Zombie Apocalyps\Zombie Apocalyps\menu.h">
      <Filter>Source Files</Filter>
    </ClInclude>
    <ClInclude Include="E:\Lectures\Arafat\Zombie Apocalyps\Zombie Apocalyps\resource.h">
      <Filter>Source Files</Filter>
    </ClInclude>
    <ClInclude Include="E:\Lectures\Arafat\Zombie Apocalyps\Zombie Apocalyps\zombiemoving.h">
      <Filter>Source Files</Filter>
    </ClInclude>
  </ItemGroup>
  <ItemGroup>
    <Library Include="E:\Lectures\Arafat\Zombie Apocalyps\Zombie Apocalyps\Glaux.lib">
      <Filter>Source Files</Filter>
    </Library>
    <Library Include="E:\Lectures\Arafat\Zombie Apocalyps\Zombie Apocalyps\GLUT32.LIB">
      <Filter>Source Files</Filter>
    </Library>
  </ItemGroup>
</Project>